{
  "originHash" : "0cca6624e65090aa37bb4bb4ac16449a429e3744c41c9fdac33583d51b735ab9",
  "pins" : [
    {
      "identity" : "bottomsheet",
      "kind" : "remoteSourceControl",
      "location" : "https://github.com/lucaszischka/BottomSheet",
      "state" : {
        "revision" : "720ddbd1371fef2a09cc1ab65fc503df37767f9c",
        "version" : "3.1.1"
      }
    },
    {
      "identity" : "google-maps-ios-utils",
      "kind" : "remoteSourceControl",
      "location" : "https://github.com/googlemaps/google-maps-ios-utils",
      "state" : {
        "revision" : "22c6e764d14daaf5de2aa4a3700bc2e9dccae5ac",
        "version" : "6.1.0"
      }
    },
    {
      "identity" : "grdb.swift",
      "kind" : "remoteSourceControl",
      "location" : "https://github.com/groue/GRDB.swift.git",
      "state" : {
        "branch" : "master",
        "revision" : "3ecb5c54553559217592d21a6d9841becb891b38"
      }
    },
    {
      "identity" : "ios-maps-sdk",
      "kind" : "remoteSourceControl",
      "location" : "https://github.com/googlemaps/ios-maps-sdk",
      "state" : {
        "revision" : "df7ecd2f894fd83f0287f2cfb6842a0dfe6f290b",
        "version" : "9.2.0"
      }
    }
  ],
  "version" : 3
}
