{
  "originHash" : "31d2b2b5892ab7e4d857c476acd11595dc552cde8c5e879db35fd221e9ad79d3",
  "pins" : [
    {
      "identity" : "grdb.swift",
      "kind" : "remoteSourceControl",
      "location" : "https://github.com/groue/GRDB.swift.git",
      "state" : {
        "branch" : "master",
        "revision" : "3ecb5c54553559217592d21a6d9841becb891b38"
      }
    },
    {
      "identity" : "ios-maps-sdk",
      "kind" : "remoteSourceControl",
      "location" : "https://github.com/googlemaps/ios-maps-sdk",
      "state" : {
        "revision" : "3786e5028d868482ef88140117d33efd60828300",
        "version" : "9.1.1"
      }
    }
  ],
  "version" : 3
}
